
Microsoft Visual Studio Solution File, Format Version 12.00
# Visual Studio Version 17
VisualStudioVersion = 17.0.32014.148
MinimumVisualStudioVersion = 10.0.40219.1
Project("{FAE04EC0-301F-11D3-BF4B-00C04F79EFBC}") = "2 Hallo Jan", "2 Hallo Jan.csproj", "{ECA5F752-5AFD-4C6D-9E55-778A479580E4}"
EndProject
Global
	GlobalSection(SolutionConfigurationPlatforms) = preSolution
		Debug|Any CPU = Debug|Any CPU
		Release|Any CPU = Release|Any CPU
	EndGlobalSection
	GlobalSection(ProjectConfigurationPlatforms) = postSolution
		{ECA5F752-5AFD-4C6D-9E55-778A479580E4}.Debug|Any CPU.ActiveCfg = Debug|Any CPU
		{ECA5F752-5AFD-4C6D-9E55-778A479580E4}.Debug|Any CPU.Build.0 = Debug|Any CPU
		{ECA5F752-5AFD-4C6D-9E55-778A479580E4}.Release|Any CPU.ActiveCfg = Release|Any CPU
		{ECA5F752-5AFD-4C6D-9E55-778A479580E4}.Release|Any CPU.Build.0 = Release|Any CPU
	EndGlobalSection
	GlobalSection(SolutionProperties) = preSolution
		HideSolutionNode = FALSE
	EndGlobalSection
	GlobalSection(ExtensibilityGlobals) = postSolution
		SolutionGuid = {1C9E5EB8-4368-46BC-86EF-AAAAE15C8263}
	EndGlobalSection
EndGlobal
